
Microsoft Visual Studio Solution File, Format Version 12.00
# Visual Studio 15
VisualStudioVersion = 15.0.28307.271
MinimumVisualStudioVersion = 10.0.40219.1
Project("{FAE04EC0-301F-11D3-BF4B-00C04F79EFBC}") = "Tax_Calculator", "Tax_Calculator\Tax_Calculator.csproj", "{F2389FCA-27C7-470C-B739-60EA38AFD5EB}"
EndProject
Global
	GlobalSection(SolutionConfigurationPlatforms) = preSolution
		Debug|Any CPU = Debug|Any CPU
		Release|Any CPU = Release|Any CPU
	EndGlobalSection
	GlobalSection(ProjectConfigurationPlatforms) = postSolution
		{F2389FCA-27C7-470C-B739-60EA38AFD5EB}.Debug|Any CPU.ActiveCfg = Debug|Any CPU
		{F2389FCA-27C7-470C-B739-60EA38AFD5EB}.Debug|Any CPU.Build.0 = Debug|Any CPU
		{F2389FCA-27C7-470C-B739-60EA38AFD5EB}.Release|Any CPU.ActiveCfg = Release|Any CPU
		{F2389FCA-27C7-470C-B739-60EA38AFD5EB}.Release|Any CPU.Build.0 = Release|Any CPU
	EndGlobalSection
	GlobalSection(SolutionProperties) = preSolution
		HideSolutionNode = FALSE
	EndGlobalSection
	GlobalSection(ExtensibilityGlobals) = postSolution
		SolutionGuid = {40F68E65-B9B5-4040-9BC1-0C576ADA8592}
	EndGlobalSection
EndGlobal
